
Microsoft Visual Studio Solution File, Format Version 12.00
# Visual Studio Version 17
VisualStudioVersion = 17.6.33723.286
MinimumVisualStudioVersion = 10.0.40219.1
Project("{9A19103F-16F7-4668-BE54-9A1E7A4F7556}") = "BackEnd", "BackEnd\BackEnd.csproj", "{85D49296-B0CF-467B-BFE5-29BAB2E0490F}"
EndProject
Project("{9A19103F-16F7-4668-BE54-9A1E7A4F7556}") = "BackEndTests", "BackEndTests\BackEndTests.csproj", "{04E468BF-F95B-47DC-ABA6-5DB389F3560C}"
EndProject
Project("{E53339B2-1760-4266-BCC7-CA923CBCF16C}") = "docker-compose", "docker-compose.dcproj", "{80CC3FF5-8D27-4F86-BEE7-1AAAAEF2E3C6}"
EndProject
Global
	GlobalSection(SolutionConfigurationPlatforms) = preSolution
		Debug|Any CPU = Debug|Any CPU
		Release|Any CPU = Release|Any CPU
	EndGlobalSection
	GlobalSection(ProjectConfigurationPlatforms) = postSolution
		{85D49296-B0CF-467B-BFE5-29BAB2E0490F}.Debug|Any CPU.ActiveCfg = Debug|Any CPU
		{85D49296-B0CF-467B-BFE5-29BAB2E0490F}.Debug|Any CPU.Build.0 = Debug|Any CPU
		{85D49296-B0CF-467B-BFE5-29BAB2E0490F}.Release|Any CPU.ActiveCfg = Release|Any CPU
		{85D49296-B0CF-467B-BFE5-29BAB2E0490F}.Release|Any CPU.Build.0 = Release|Any CPU
		{04E468BF-F95B-47DC-ABA6-5DB389F3560C}.Debug|Any CPU.ActiveCfg = Debug|Any CPU
		{04E468BF-F95B-47DC-ABA6-5DB389F3560C}.Debug|Any CPU.Build.0 = Debug|Any CPU
		{04E468BF-F95B-47DC-ABA6-5DB389F3560C}.Release|Any CPU.ActiveCfg = Release|Any CPU
		{04E468BF-F95B-47DC-ABA6-5DB389F3560C}.Release|Any CPU.Build.0 = Release|Any CPU
		{80CC3FF5-8D27-4F86-BEE7-1AAAAEF2E3C6}.Debug|Any CPU.ActiveCfg = Debug|Any CPU
		{80CC3FF5-8D27-4F86-BEE7-1AAAAEF2E3C6}.Debug|Any CPU.Build.0 = Debug|Any CPU
		{80CC3FF5-8D27-4F86-BEE7-1AAAAEF2E3C6}.Release|Any CPU.ActiveCfg = Release|Any CPU
		{80CC3FF5-8D27-4F86-BEE7-1AAAAEF2E3C6}.Release|Any CPU.Build.0 = Release|Any CPU
	EndGlobalSection
	GlobalSection(SolutionProperties) = preSolution
		HideSolutionNode = FALSE
	EndGlobalSection
	GlobalSection(ExtensibilityGlobals) = postSolution
		SolutionGuid = {31E8E352-8F66-47A6-A718-1F47C73B55B6}
	EndGlobalSection
EndGlobal
